
Microsoft Visual Studio Solution File, Format Version 12.00
# Visual Studio Version 16
VisualStudioVersion = 16.0.33328.57
MinimumVisualStudioVersion = 10.0.40219.1
Project("{2150E333-8FDC-42A3-9474-1A3956D46DE8}") = "Services", "Services", "{F55A851D-C11F-4783-84E7-57951574509C}"
EndProject
Project("{2150E333-8FDC-42A3-9474-1A3956D46DE8}") = "Catalog", "Catalog", "{48C2D2CD-3A5C-4CD3-A9E5-8AA3CF7AB71F}"
EndProject
Project("{9A19103F-16F7-4668-BE54-9A1E7A4F7556}") = "Catalog.API", "Services\Catalog\Catalog.API\Catalog.API.csproj", "{60748F17-12A0-4909-8EF4-A320A0E6FE80}"
EndProject
Project("{E53339B2-1760-4266-BCC7-CA923CBCF16C}") = "docker-compose", "docker-compose.dcproj", "{2C115E8E-C779-46A3-8C67-F34E54623D48}"
EndProject
Project("{2150E333-8FDC-42A3-9474-1A3956D46DE8}") = "Basket", "Basket", "{EA1C0BC8-0E7D-4957-8CCE-5615846FD7D8}"
EndProject
Project("{9A19103F-16F7-4668-BE54-9A1E7A4F7556}") = "Basket.API", "Services\Basket\Basket.API\Basket.API.csproj", "{C7AAEE65-66EB-4CB8-B538-CA10D85E57E1}"
EndProject
Project("{2150E333-8FDC-42A3-9474-1A3956D46DE8}") = "Discount", "Discount", "{D7F49BE7-1D99-4045-99B6-3D62B6E079C1}"
EndProject
Project("{FAE04EC0-301F-11D3-BF4B-00C04F79EFBC}") = "Discount.API", "Services\Discount\Discount.API\Discount.API.csproj", "{106EE509-21F3-420E-A1B5-31C3837B1518}"
EndProject
Project("{FAE04EC0-301F-11D3-BF4B-00C04F79EFBC}") = "Discount.Grpc", "Services\Discount\Discount.Grpc\Discount.Grpc.csproj", "{2D472FF4-507C-47FB-9A36-FCCBE2B3E186}"
EndProject
Global
	GlobalSection(SolutionConfigurationPlatforms) = preSolution
		Debug|Any CPU = Debug|Any CPU
		Release|Any CPU = Release|Any CPU
	EndGlobalSection
	GlobalSection(ProjectConfigurationPlatforms) = postSolution
		{60748F17-12A0-4909-8EF4-A320A0E6FE80}.Debug|Any CPU.ActiveCfg = Debug|Any CPU
		{60748F17-12A0-4909-8EF4-A320A0E6FE80}.Debug|Any CPU.Build.0 = Debug|Any CPU
		{60748F17-12A0-4909-8EF4-A320A0E6FE80}.Release|Any CPU.ActiveCfg = Release|Any CPU
		{60748F17-12A0-4909-8EF4-A320A0E6FE80}.Release|Any CPU.Build.0 = Release|Any CPU
		{2C115E8E-C779-46A3-8C67-F34E54623D48}.Debug|Any CPU.ActiveCfg = Debug|Any CPU
		{2C115E8E-C779-46A3-8C67-F34E54623D48}.Debug|Any CPU.Build.0 = Debug|Any CPU
		{2C115E8E-C779-46A3-8C67-F34E54623D48}.Release|Any CPU.ActiveCfg = Release|Any CPU
		{2C115E8E-C779-46A3-8C67-F34E54623D48}.Release|Any CPU.Build.0 = Release|Any CPU
		{C7AAEE65-66EB-4CB8-B538-CA10D85E57E1}.Debug|Any CPU.ActiveCfg = Debug|Any CPU
		{C7AAEE65-66EB-4CB8-B538-CA10D85E57E1}.Debug|Any CPU.Build.0 = Debug|Any CPU
		{C7AAEE65-66EB-4CB8-B538-CA10D85E57E1}.Release|Any CPU.ActiveCfg = Release|Any CPU
		{C7AAEE65-66EB-4CB8-B538-CA10D85E57E1}.Release|Any CPU.Build.0 = Release|Any CPU
		{106EE509-21F3-420E-A1B5-31C3837B1518}.Debug|Any CPU.ActiveCfg = Debug|Any CPU
		{106EE509-21F3-420E-A1B5-31C3837B1518}.Debug|Any CPU.Build.0 = Debug|Any CPU
		{106EE509-21F3-420E-A1B5-31C3837B1518}.Release|Any CPU.ActiveCfg = Release|Any CPU
		{106EE509-21F3-420E-A1B5-31C3837B1518}.Release|Any CPU.Build.0 = Release|Any CPU
		{2D472FF4-507C-47FB-9A36-FCCBE2B3E186}.Debug|Any CPU.ActiveCfg = Debug|Any CPU
		{2D472FF4-507C-47FB-9A36-FCCBE2B3E186}.Debug|Any CPU.Build.0 = Debug|Any CPU
		{2D472FF4-507C-47FB-9A36-FCCBE2B3E186}.Release|Any CPU.ActiveCfg = Release|Any CPU
		{2D472FF4-507C-47FB-9A36-FCCBE2B3E186}.Release|Any CPU.Build.0 = Release|Any CPU
	EndGlobalSection
	GlobalSection(SolutionProperties) = preSolution
		HideSolutionNode = FALSE
	EndGlobalSection
	GlobalSection(NestedProjects) = preSolution
		{48C2D2CD-3A5C-4CD3-A9E5-8AA3CF7AB71F} = {F55A851D-C11F-4783-84E7-57951574509C}
		{60748F17-12A0-4909-8EF4-A320A0E6FE80} = {48C2D2CD-3A5C-4CD3-A9E5-8AA3CF7AB71F}
		{EA1C0BC8-0E7D-4957-8CCE-5615846FD7D8} = {F55A851D-C11F-4783-84E7-57951574509C}
		{C7AAEE65-66EB-4CB8-B538-CA10D85E57E1} = {EA1C0BC8-0E7D-4957-8CCE-5615846FD7D8}
		{D7F49BE7-1D99-4045-99B6-3D62B6E079C1} = {F55A851D-C11F-4783-84E7-57951574509C}
		{106EE509-21F3-420E-A1B5-31C3837B1518} = {D7F49BE7-1D99-4045-99B6-3D62B6E079C1}
		{2D472FF4-507C-47FB-9A36-FCCBE2B3E186} = {D7F49BE7-1D99-4045-99B6-3D62B6E079C1}
	EndGlobalSection
	GlobalSection(ExtensibilityGlobals) = postSolution
		SolutionGuid = {10A20ED6-1EED-4FD8-921E-AE65704E9FF0}
	EndGlobalSection
EndGlobal
